
Microsoft Visual Studio Solution File, Format Version 12.00
# Visual Studio Version 16
VisualStudioVersion = 16.0.32228.343
MinimumVisualStudioVersion = 10.0.40219.1
Project("{FAE04EC0-301F-11D3-BF4B-00C04F79EFBC}") = "webapi", "webapi\webapi.csproj", "{2B658EEB-9071-4AC3-8F0A-F2F7E592C23A}"
EndProject
Global
	GlobalSection(SolutionConfigurationPlatforms) = preSolution
		Debug|Any CPU = Debug|Any CPU
		Release|Any CPU = Release|Any CPU
	EndGlobalSection
	GlobalSection(ProjectConfigurationPlatforms) = postSolution
		{2B658EEB-9071-4AC3-8F0A-F2F7E592C23A}.Debug|Any CPU.ActiveCfg = Debug|Any CPU
		{2B658EEB-9071-4AC3-8F0A-F2F7E592C23A}.Debug|Any CPU.Build.0 = Debug|Any CPU
		{2B658EEB-9071-4AC3-8F0A-F2F7E592C23A}.Release|Any CPU.ActiveCfg = Release|Any CPU
		{2B658EEB-9071-4AC3-8F0A-F2F7E592C23A}.Release|Any CPU.Build.0 = Release|Any CPU
	EndGlobalSection
	GlobalSection(SolutionProperties) = preSolution
		HideSolutionNode = FALSE
	EndGlobalSection
	GlobalSection(ExtensibilityGlobals) = postSolution
		SolutionGuid = {945473AC-A7F5-44CE-AD0D-86C0E74E9F01}
	EndGlobalSection
EndGlobal
